// !$*UTF8*$!
{
	archiveVersion = 1;
	classes = {
	};
	objectVersion = 46;
	objects = {

/* Begin PBXBuildFile section */
		ED2280AB1E365421005E405A /* main.m in Sources */ = {isa = PBXBuildFile; fileRef = ED2280AA1E365421005E405A /* main.m */; };
		ED2280AE1E365421005E405A /* AppDelegate.m in Sources */ = {isa = PBXBuildFile; fileRef = ED2280AD1E365421005E405A /* AppDelegate.m */; };
		ED2280B11E365421005E405A /* ViewController.m in Sources */ = {isa = PBXBuildFile; fileRef = ED2280B01E365421005E405A /* ViewController.m */; };
		ED2280B41E365421005E405A /* Main.storyboard in Resources */ = {isa = PBXBuildFile; fileRef = ED2280B21E365421005E405A /* Main.storyboard */; };
		ED2280B61E365421005E405A /* Assets.xcassets in Resources */ = {isa = PBXBuildFile; fileRef = ED2280B51E365421005E405A /* Assets.xcassets */; };
		ED2280B91E365421005E405A /* LaunchScreen.storyboard in Resources */ = {isa = PBXBuildFile; fileRef = ED2280B71E365421005E405A /* LaunchScreen.storyboard */; };
/* End PBXBuildFile section */

/* Begin PBXFileReference section */
		ED2280A61E365421005E405A /* Array.app */ = {isa = PBXFileReference; explicitFileType = wrapper.application; includeInIndex = 0; path = Array.app; sourceTree = BUILT_PRODUCTS_DIR; };
		ED2280AA1E365421005E405A /* main.m */ = {isa = PBXFileReference; lastKnownFileType = sourcecode.c.objc; path = main.m; sourceTree = "<group>"; };
		ED2280AC1E365421005E405A /* AppDelegate.h */ = {isa = PBXFileReference; lastKnownFileType = sourcecode.c.h; path = AppDelegate.h; sourceTree = "<group>"; };
		ED2280AD1E365421005E405A /* AppDelegate.m */ = {isa = PBXFileReference; lastKnownFileType = sourcecode.c.objc; path = AppDelegate.m; sourceTree = "<group>"; };
		ED2280AF1E365421005E405A /* ViewController.h */ = {isa = PBXFileReference; lastKnownFileType = sourcecode.c.h; path = ViewController.h; sourceTree = "<group>"; };
		ED2280B01E365421005E405A /* ViewController.m */ = {isa = PBXFileReference; lastKnownFileType = sourcecode.c.objc; path = ViewController.m; sourceTree = "<group>"; };
		ED2280B31E365421005E405A /* Base */ = {isa = PBXFileReference; lastKnownFileType = file.storyboard; name = Base; path = Base.lproj/Main.storyboard; sourceTree = "<group>"; };
		ED2280B51E365421005E405A /* Assets.xcassets */ = {isa = PBXFileReference; lastKnownFileType = folder.assetcatalog; path = Assets.xcassets; sourceTree = "<group>"; };
		ED2280B81E365421005E405A /* Base */ = {isa = PBXFileReference; lastKnownFileType = file.storyboard; name = Base; path = Base.lproj/LaunchScreen.storyboard; sourceTree = "<group>"; };
		ED2280BA1E365421005E405A /* Info.plist */ = {isa = PBXFileReference; lastKnownFileType = text.plist.xml; path = Info.plist; sourceTree = "<group>"; };
/* End PBXFileReference section */

/* Begin PBXFrameworksBuildPhase section */
		ED2280A31E365421005E405A /* Frameworks */ = {
			isa = PBXFrameworksBuildPhase;
			buildActionMask = 2147483647;
			files = (
			);
			runOnlyForDeploymentPostprocessing = 0;
		};
/* End PBXFrameworksBuildPhase section */

/* Begin PBXGroup section */
		ED22809D1E365421005E405A = {
			isa = PBXGroup;
			children = (
				ED2280A81E365421005E405A /* Array */,
				ED2280A71E365421005E405A /* Products */,
			);
			sourceTree = "<group>";
		};
		ED2280A71E365421005E405A /* Products */ = {
			isa = PBXGroup;
			children = (
				ED2280A61E365421005E405A /* Array.app */,
			);
			name = Products;
			sourceTree = "<group>";
		};
		ED2280A81E365421005E405A /* Array */ = {
			isa = PBXGroup;
			children = (
				ED2280AC1E365421005E405A /* AppDelegate.h */,
				ED2280AD1E365421005E405A /* AppDelegate.m */,
				ED2280AF1E365421005E405A /* ViewController.h */,
				ED2280B01E365421005E405A /* ViewController.m */,
				ED2280B21E365421005E405A /* Main.storyboard */,
				ED2280B51E365421005E405A /* Assets.xcassets */,
				ED2280B71E365421005E405A /* LaunchScreen.storyboard */,
				ED2280BA1E365421005E405A /* Info.plist */,
				ED2280A91E365421005E405A /* Supporting Files */,
			);
			path = Array;
			sourceTree = "<group>";
		};
		ED2280A91E365421005E405A /* Supporting Files */ = {
			isa = PBXGroup;
			children = (
				ED2280AA1E365421005E405A /* main.m */,
			);
			name = "Supporting Files";
			sourceTree = "<group>";
		};
/* End PBXGroup section */

/* Begin PBXNativeTarget section */
		ED2280A51E365421005E405A /* Array */ = {
			isa = PBXNativeTarget;
			buildConfigurationList = ED2280BD1E365421005E405A /* Build configuration list for PBXNativeTarget "Array" */;
			buildPhases = (
				ED2280A21E365421005E405A /* Sources */,
				ED2280A31E365421005E405A /* Frameworks */,
				ED2280A41E365421005E405A /* Resources */,
			);
			buildRules = (
			);
			dependencies = (
			);
			name = Array;
			productName = Array;
			productReference = ED2280A61E365421005E405A /* Array.app */;
			productType = "com.apple.product-type.application";
		};
/* End PBXNativeTarget section */

/* Begin PBXProject section */
		ED22809E1E365421005E405A /* Project object */ = {
			isa = PBXProject;
			attributes = {
				LastUpgradeCheck = 0820;
				ORGANIZATIONNAME = AndreaITS;
				TargetAttributes = {
					ED2280A51E365421005E405A = {
						CreatedOnToolsVersion = 8.2.1;
						ProvisioningStyle = Automatic;
					};
				};
			};
			buildConfigurationList = ED2280A11E365421005E405A /* Build configuration list for PBXProject "Array" */;
			compatibilityVersion = "Xcode 3.2";
			developmentRegion = English;
			hasScannedForEncodings = 0;
			knownRegions = (
				en,
				Base,
			);
			mainGroup = ED22809D1E365421005E405A;
			productRefGroup = ED2280A71E365421005E405A /* Products */;
			projectDirPath = "";
			projectRoot = "";
			targets = (
				ED2280A51E365421005E405A /* Array */,
			);
		};
/* End PBXProject section */

/* Begin PBXResourcesBuildPhase section */
		ED2280A41E365421005E405A /* Resources */ = {
			isa = PBXResourcesBuildPhase;
			buildActionMask = 2147483647;
			files = (
				ED2280B91E365421005E405A /* LaunchScreen.storyboard in Resources */,
				ED2280B61E365421005E405A /* Assets.xcassets in Resources */,
				ED2280B41E365421005E405A /* Main.storyboard in Resources */,
			);
			runOnlyForDeploymentPostprocessing = 0;
		};
/* End PBXResourcesBuildPhase section */

/* Begin PBXSourcesBuildPhase section */
		ED2280A21E365421005E405A /* Sources */ = {
			isa = PBXSourcesBuildPhase;
			buildActionMask = 2147483647;
			files = (
				ED2280B11E365421005E405A /* ViewController.m in Sources */,
				ED2280AE1E365421005E405A /* AppDelegate.m in Sources */,
				ED2280AB1E365421005E405A /* main.m in Sources */,
			);
			runOnlyForDeploymentPostprocessing = 0;
		};
/* End PBXSourcesBuildPhase section */

/* Begin PBXVariantGroup section */
		ED2280B21E365421005E405A /* Main.storyboard */ = {
			isa = PBXVariantGroup;
			children = (
				ED2280B31E365421005E405A /* Base */,
			);
			name = Main.storyboard;
			sourceTree = "<group>";
		};
		ED2280B71E365421005E405A /* LaunchScreen.storyboard */ = {
			isa = PBXVariantGroup;
			children = (
				ED2280B81E365421005E405A /* Base */,
			);
			name = LaunchScreen.storyboard;
			sourceTree = "<group>";
		};
/* End PBXVariantGroup section */

/* Begin XCBuildConfiguration section */
		ED2280BB1E365421005E405A /* Debug */ = {
			isa = XCBuildConfiguration;
			buildSettings = {
				ALWAYS_SEARCH_USER_PATHS = NO;
				CLANG_ANALYZER_NONNULL = YES;
				CLANG_CXX_LANGUAGE_STANDARD = "gnu++0x";
				CLANG_CXX_LIBRARY = "libc++";
				CLANG_ENABLE_MODULES = YES;
				CLANG_ENABLE_OBJC_ARC = YES;
				CLANG_WARN_BOOL_CONVERSION = YES;
				CLANG_WARN_CONSTANT_CONVERSION = YES;
				CLANG_WARN_DIRECT_OBJC_ISA_USAGE = YES_ERROR;
				CLANG_WARN_DOCUMENTATION_COMMENTS = YES;
				CLANG_WARN_EMPTY_BODY = YES;
				CLANG_WARN_ENUM_CONVERSION = YES;
				CLANG_WARN_INFINITE_RECURSION = YES;
				CLANG_WARN_INT_CONVERSION = YES;
				CLANG_WARN_OBJC_ROOT_CLASS = YES_ERROR;
				CLANG_WARN_SUSPICIOUS_MOVE = YES;
				CLANG_WARN_UNREACHABLE_CODE = YES;
				CLANG_WARN__DUPLICATE_METHOD_MATCH = YES;
				"CODE_SIGN_IDENTITY[sdk=iphoneos*]" = "iPhone Developer";
				COPY_PHASE_STRIP = NO;
				DEBUG_INFORMATION_FORMAT = dwarf;
				ENABLE_STRICT_OBJC_MSGSEND = YES;
				ENABLE_TESTABILITY = YES;
				GCC_C_LANGUAGE_STANDARD = gnu99;
				GCC_DYNAMIC_NO_PIC = NO;
				GCC_NO_COMMON_BLOCKS = YES;
				GCC_OPTIMIZATION_LEVEL = 0;
				GCC_PREPROCESSOR_DEFINITIONS = (
					"DEBUG=1",
					"$(inherited)",
				);
				GCC_WARN_64_TO_32_BIT_CONVERSION = YES;
				GCC_WARN_ABOUT_RETURN_TYPE = YES_ERROR;
				GCC_WARN_UNDECLARED_SELECTOR = YES;
				GCC_WARN_UNINITIALIZED_AUTOS = YES_AGGRESSIVE;
				GCC_WARN_UNUSED_FUNCTION = YES;
				GCC_WARN_UNUSED_VARIABLE = YES;
				IPHONEOS_DEPLOYMENT_TARGET = 10.2;
				MTL_ENABLE_DEBUG_INFO = YES;
				ONLY_ACTIVE_ARCH = YES;
				SDKROOT = iphoneos;
			};
			name = Debug;
		};
		ED2280BC1E365421005E405A /* Release */ = {
			isa = XCBuildConfiguration;
			buildSettings = {
				ALWAYS_SEARCH_USER_PATHS = NO;
				CLANG_ANALYZER_NONNULL = YES;
				CLANG_CXX_LANGUAGE_STANDARD = "gnu++0x";
				CLANG_CXX_LIBRARY = "libc++";
				CLANG_ENABLE_MODULES = YES;
				CLANG_ENABLE_OBJC_ARC = YES;
				CLANG_WARN_BOOL_CONVERSION = YES;
				CLANG_WARN_CONSTANT_CONVERSION = YES;
				CLANG_WARN_DIRECT_OBJC_ISA_USAGE = YES_ERROR;
				CLANG_WARN_DOCUMENTATION_COMMENTS = YES;
				CLANG_WARN_EMPTY_BODY = YES;
				CLANG_WARN_ENUM_CONVERSION = YES;
				CLANG_WARN_INFINITE_RECURSION = YES;
				CLANG_WARN_INT_CONVERSION = YES;
				CLANG_WARN_OBJC_ROOT_CLASS = YES_ERROR;
				CLANG_WARN_SUSPICIOUS_MOVE = YES;
				CLANG_WARN_UNREACHABLE_CODE = YES;
				CLANG_WARN__DUPLICATE_METHOD_MATCH = YES;
				"CODE_SIGN_IDENTITY[sdk=iphoneos*]" = "iPhone Developer";
				COPY_PHASE_STRIP = NO;
				DEBUG_INFORMATION_FORMAT = "dwarf-with-dsym";
				ENABLE_NS_ASSERTIONS = NO;
				ENABLE_STRICT_OBJC_MSGSEND = YES;
				GCC_C_LANGUAGE_STANDARD = gnu99;
				GCC_NO_COMMON_BLOCKS = YES;
				GCC_WARN_64_TO_32_BIT_CONVERSION = YES;
				GCC_WARN_ABOUT_RETURN_TYPE = YES_ERROR;
				GCC_WARN_UNDECLARED_SELECTOR = YES;
				GCC_WARN_UNINITIALIZED_AUTOS = YES_AGGRESSIVE;
				GCC_WARN_UNUSED_FUNCTION = YES;
				GCC_WARN_UNUSED_VARIABLE = YES;
				IPHONEOS_DEPLOYMENT_TARGET = 10.2;
				MTL_ENABLE_DEBUG_INFO = NO;
				SDKROOT = iphoneos;
				VALIDATE_PRODUCT = YES;
			};
			name = Release;
		};
		ED2280BE1E365421005E405A /* Debug */ = {
			isa = XCBuildConfiguration;
			buildSettings = {
				ASSETCATALOG_COMPILER_APPICON_NAME = AppIcon;
				INFOPLIST_FILE = Array/Info.plist;
				LD_RUNPATH_SEARCH_PATHS = "$(inherited) @executable_path/Frameworks";
				PRODUCT_BUNDLE_IDENTIFIER = com.AndreaITS.Array;
				PRODUCT_NAME = "$(TARGET_NAME)";
			};
			name = Debug;
		};
		ED2280BF1E365421005E405A /* Release */ = {
			isa = XCBuildConfiguration;
			buildSettings = {
				ASSETCATALOG_COMPILER_APPICON_NAME = AppIcon;
				INFOPLIST_FILE = Array/Info.plist;
				LD_RUNPATH_SEARCH_PATHS = "$(inherited) @executable_path/Frameworks";
				PRODUCT_BUNDLE_IDENTIFIER = com.AndreaITS.Array;
				PRODUCT_NAME = "$(TARGET_NAME)";
			};
			name = Release;
		};
/* End XCBuildConfiguration section */

/* Begin XCConfigurationList section */
		ED2280A11E365421005E405A /* Build configuration list for PBXProject "Array" */ = {
			isa = XCConfigurationList;
			buildConfigurations = (
				ED2280BB1E365421005E405A /* Debug */,
				ED2280BC1E365421005E405A /* Release */,
			);
			defaultConfigurationIsVisible = 0;
			defaultConfigurationName = Release;
		};
		ED2280BD1E365421005E405A /* Build configuration list for PBXNativeTarget "Array" */ = {
			isa = XCConfigurationList;
			buildConfigurations = (
				ED2280BE1E365421005E405A /* Debug */,
				ED2280BF1E365421005E405A /* Release */,
			);
			defaultConfigurationIsVisible = 0;
		};
/* End XCConfigurationList section */
	};
	rootObject = ED22809E1E365421005E405A /* Project object */;
}
